
Microsoft Visual Studio Solution File, Format Version 12.00
# Visual Studio Version 17
VisualStudioVersion = 17.8.34511.84
MinimumVisualStudioVersion = 10.0.40219.1
Project("{FAE04EC0-301F-11D3-BF4B-00C04F79EFBC}") = "Dapper CRUD ASP.Net core SQL Server", "Dapper CRUD ASP.Net core SQL Server.csproj", "{4EEAAFE4-F68E-41F8-821C-D84E68725308}"
EndProject
Global
	GlobalSection(SolutionConfigurationPlatforms) = preSolution
		Debug|Any CPU = Debug|Any CPU
		Release|Any CPU = Release|Any CPU
	EndGlobalSection
	GlobalSection(ProjectConfigurationPlatforms) = postSolution
		{4EEAAFE4-F68E-41F8-821C-D84E68725308}.Debug|Any CPU.ActiveCfg = Debug|Any CPU
		{4EEAAFE4-F68E-41F8-821C-D84E68725308}.Debug|Any CPU.Build.0 = Debug|Any CPU
		{4EEAAFE4-F68E-41F8-821C-D84E68725308}.Release|Any CPU.ActiveCfg = Release|Any CPU
		{4EEAAFE4-F68E-41F8-821C-D84E68725308}.Release|Any CPU.Build.0 = Release|Any CPU
	EndGlobalSection
	GlobalSection(SolutionProperties) = preSolution
		HideSolutionNode = FALSE
	EndGlobalSection
	GlobalSection(ExtensibilityGlobals) = postSolution
		SolutionGuid = {FB5DA435-07F2-4ED1-9928-FAB4C253F49B}
	EndGlobalSection
EndGlobal
